version = 1
revision = 2
requires-python = ">=3.12"

[[package]]
name = "anyio"
version = "4.9.0"
source = { registry = "https://pypi.org/simple" }
dependencies = [
    { name = "idna" },
    { name = "sniffio" },
    { name = "typing-extensions", marker = "python_full_version < '3.13'" },
]
sdist = { url = "https://files.pythonhosted.org/packages/95/7d/4c1bd541d4dffa1b52bd83fb8527089e097a106fc90b467a7313b105f840/anyio-4.9.0.tar.gz", hash = "sha256:673c0c244e15788651a4ff38710fea9675823028a6f08a5eda409e0c9840a028", size = 190949, upload-time = "2025-03-17T00:02:54.77Z" }
wheels = [
    { url = "https://files.pythonhosted.org/packages/a1/ee/48ca1a7c89ffec8b6a0c5d02b89c305671d5ffd8d3c94acf8b8c408575bb/anyio-4.9.0-py3-none-any.whl", hash = "sha256:9f76d541cad6e36af7beb62e978876f3b41e3e04f2c1fbf0884604c0a9c4d93c", size = 100916, upload-time = "2025-03-17T00:02:52.713Z" },
]

[[package]]
name = "asgiref"
version = "3.9.1"
source = { registry = "https://pypi.org/simple" }
sdist = { url = "https://files.pythonhosted.org/packages/90/61/0aa957eec22ff70b830b22ff91f825e70e1ef732c06666a805730f28b36b/asgiref-3.9.1.tar.gz", hash = "sha256:a5ab6582236218e5ef1648f242fd9f10626cfd4de8dc377db215d5d5098e3142", size = 36870, upload-time = "2025-07-08T09:07:43.344Z" }
wheels = [
    { url = "https://files.pythonhosted.org/packages/7c/3c/0464dcada90d5da0e71018c04a140ad6349558afb30b3051b4264cc5b965/asgiref-3.9.1-py3-none-any.whl", hash = "sha256:f3bba7092a48005b5f5bacd747d36ee4a5a61f4a269a6df590b43144355ebd2c", size = 23790, upload-time = "2025-07-08T09:07:41.548Z" },
]

[[package]]
name = "django"
version = "5.2.4"
source = { registry = "https://pypi.org/simple" }
dependencies = [
    { name = "asgiref" },
    { name = "sqlparse" },
    { name = "tzdata", marker = "sys_platform == 'win32'" },
]
sdist = { url = "https://files.pythonhosted.org/packages/9c/7e/034f0f9fb10c029a02daaf44d364d6bf2eced8c73f0d38c69da359d26b01/django-5.2.4.tar.gz", hash = "sha256:a1228c384f8fa13eebc015196db7b3e08722c5058d4758d20cb287503a540d8f", size = 10831909, upload-time = "2025-07-02T18:47:39.19Z" }
wheels = [
    { url = "https://files.pythonhosted.org/packages/14/ae/706965237a672434c8b520e89a818e8b047af94e9beb342d0bee405c26c7/django-5.2.4-py3-none-any.whl", hash = "sha256:60c35bd96201b10c6e7a78121bd0da51084733efa303cc19ead021ab179cef5e", size = 8302187, upload-time = "2025-07-02T18:47:35.373Z" },
]

[[package]]
name = "django-browser-reload"
version = "1.18.0"
source = { registry = "https://pypi.org/simple" }
dependencies = [
    { name = "asgiref" },
    { name = "django" },
]
sdist = { url = "https://files.pythonhosted.org/packages/3b/41/84eaa4f2b7f764e56e01c4ee49aa12bdea30ae50fd0d3ef7c2690b0c4ec2/django_browser_reload-1.18.0.tar.gz", hash = "sha256:c5f0b134723cbf2a0dc9ae1ee1d38e42db28fe23c74cdee613ba3ef286d04735", size = 14319, upload-time = "2025-02-06T22:14:40.799Z" }
wheels = [
    { url = "https://files.pythonhosted.org/packages/e4/9d/1322dc4bce4982d1eadd3a62802c996ae0303aad13d9ad88c1d35025f73d/django_browser_reload-1.18.0-py3-none-any.whl", hash = "sha256:ed4cc2fb83c3bf6c30b54107a1a6736c0b896e62e4eba666d81005b9f2ecf6f8", size = 12230, upload-time = "2025-02-06T22:14:36.87Z" },
]

[[package]]
name = "django-livereload-server"
version = "0.5.1"
source = { registry = "https://pypi.org/simple" }
dependencies = [
    { name = "django" },
    { name = "tornado" },
]
sdist = { url = "https://files.pythonhosted.org/packages/79/56/313c43b871d4cc167260faf2924a72ffa9105cdd78faf028341338115800/django-livereload-server-0.5.1.tar.gz", hash = "sha256:e1fecca2a74ec87235bbfdf8b63365499324d9a87017427e5d297711d1cd532d", size = 23111, upload-time = "2023-12-19T23:22:02.289Z" }
wheels = [
    { url = "https://files.pythonhosted.org/packages/8c/cd/77566526193cb49e805bd33a6b982ba5a39f3a7f828dd6647a76bf977f3c/django_livereload_server-0.5.1-py2.py3-none-any.whl", hash = "sha256:e03bd65d1679ef1b4a5e22e2a77d11d3cfb0e3d21ae25afba49e280924ba6f58", size = 25920, upload-time = "2023-12-19T23:22:00.494Z" },
]

[[package]]
name = "django-seed"
version = "0.3.1"
source = { registry = "https://pypi.org/simple" }
dependencies = [
    { name = "django" },
    { name = "faker" },
    { name = "toposort" },
]
sdist = { url = "https://files.pythonhosted.org/packages/5a/19/0423c1a8adb10c9e246f3a0e661165a7851bb7f4253eb338624081343e76/django-seed-0.3.1.tar.gz", hash = "sha256:93e65d2c10449c464b83e9031be02763ec10e786aa064d649c4dd5ad06fa0eea", size = 18336, upload-time = "2021-10-08T16:30:29.522Z" }

[[package]]
name = "faker"
version = "37.4.2"
source = { registry = "https://pypi.org/simple" }
dependencies = [
    { name = "tzdata" },
]
sdist = { url = "https://files.pythonhosted.org/packages/65/95/da573e055608e180086e2ac3208f8c15d8b44220912f565a9821b9bff33a/faker-37.4.2.tar.gz", hash = "sha256:8e281bbaea30e5658895b8bea21cc50d27aaf3a43db3f2694409ca5701c56b0a", size = 1902890, upload-time = "2025-07-15T16:38:24.803Z" }
wheels = [
    { url = "https://files.pythonhosted.org/packages/26/1c/b909a055be556c11f13cf058cfa0e152f9754d803ff3694a937efe300709/faker-37.4.2-py3-none-any.whl", hash = "sha256:b70ed1af57bfe988cbcd0afd95f4768c51eaf4e1ce8a30962e127ac5c139c93f", size = 1943179, upload-time = "2025-07-15T16:38:23.053Z" },
]

[[package]]
name = "gunicorn"
version = "23.0.0"
source = { registry = "https://pypi.org/simple" }
dependencies = [
    { name = "packaging" },
]
sdist = { url = "https://files.pythonhosted.org/packages/34/72/9614c465dc206155d93eff0ca20d42e1e35afc533971379482de953521a4/gunicorn-23.0.0.tar.gz", hash = "sha256:f014447a0101dc57e294f6c18ca6b40227a4c90e9bdb586042628030cba004ec", size = 375031, upload-time = "2024-08-10T20:25:27.378Z" }
wheels = [
    { url = "https://files.pythonhosted.org/packages/cb/7d/6dac2a6e1eba33ee43f318edbed4ff29151a49b5d37f080aad1e6469bca4/gunicorn-23.0.0-py3-none-any.whl", hash = "sha256:ec400d38950de4dfd418cff8328b2c8faed0edb0d517d3394e457c317908ca4d", size = 85029, upload-time = "2024-08-10T20:25:24.996Z" },
]

[[package]]
name = "honey-ecommerce"
version = "0.1.0"
source = { virtual = "." }
dependencies = [
    { name = "django" },
    { name = "django-browser-reload" },
    { name = "django-livereload-server" },
    { name = "django-seed" },
    { name = "faker" },
    { name = "gunicorn" },
    { name = "psycopg2-binary" },
    { name = "python-decouple" },
    { name = "watchfiles" },
]

[package.metadata]
requires-dist = [
    { name = "django", specifier = ">=5.2.4" },
    { name = "django-browser-reload", specifier = ">=1.18.0" },
    { name = "django-livereload-server", specifier = ">=0.5.1" },
    { name = "django-seed", specifier = ">=0.3.1" },
    { name = "faker", specifier = ">=37.4.2" },
    { name = "gunicorn", specifier = ">=23.0.0" },
    { name = "psycopg2-binary", specifier = ">=2.9.10" },
    { name = "python-decouple", specifier = ">=3.8" },
    { name = "watchfiles", specifier = ">=1.1.0" },
]

[[package]]
name = "idna"
version = "3.10"
source = { registry = "https://pypi.org/simple" }
sdist = { url = "https://files.pythonhosted.org/packages/f1/70/7703c29685631f5a7590aa73f1f1d3fa9a380e654b86af429e0934a32f7d/idna-3.10.tar.gz", hash = "sha256:12f65c9b470abda6dc35cf8e63cc574b1c52b11df2c86030af0ac09b01b13ea9", size = 190490, upload-time = "2024-09-15T18:07:39.745Z" }
wheels = [
    { url = "https://files.pythonhosted.org/packages/76/c6/c88e154df9c4e1a2a66ccf0005a88dfb2650c1dffb6f5ce603dfbd452ce3/idna-3.10-py3-none-any.whl", hash = "sha256:946d195a0d259cbba61165e88e65941f16e9b36ea6ddb97f00452bae8b1287d3", size = 70442, upload-time = "2024-09-15T18:07:37.964Z" },
]

[[package]]
name = "packaging"
version = "25.0"
source = { registry = "https://pypi.org/simple" }
sdist = { url = "https://files.pythonhosted.org/packages/a1/d4/1fc4078c65507b51b96ca8f8c3ba19e6a61c8253c72794544580a7b6c24d/packaging-25.0.tar.gz", hash = "sha256:d443872c98d677bf60f6a1f2f8c1cb748e8fe762d2bf9d3148b5599295b0fc4f", size = 165727, upload-time = "2025-04-19T11:48:59.673Z" }
wheels = [
    { url = "https://files.pythonhosted.org/packages/20/12/38679034af332785aac8774540895e234f4d07f7545804097de4b666afd8/packaging-25.0-py3-none-any.whl", hash = "sha256:29572ef2b1f17581046b3a2227d5c611fb25ec70ca1ba8554b24b0e69331a484", size = 66469, upload-time = "2025-04-19T11:48:57.875Z" },
]

[[package]]
name = "psycopg2-binary"
version = "2.9.10"
source = { registry = "https://pypi.org/simple" }
sdist = { url = "https://files.pythonhosted.org/packages/cb/0e/bdc8274dc0585090b4e3432267d7be4dfbfd8971c0fa59167c711105a6bf/psycopg2-binary-2.9.10.tar.gz", hash = "sha256:4b3df0e6990aa98acda57d983942eff13d824135fe2250e6522edaa782a06de2", size = 385764, upload-time = "2024-10-16T11:24:58.126Z" }
wheels = [
    { url = "https://files.pythonhosted.org/packages/49/7d/465cc9795cf76f6d329efdafca74693714556ea3891813701ac1fee87545/psycopg2_binary-2.9.10-cp312-cp312-macosx_12_0_x86_64.whl", hash = "sha256:880845dfe1f85d9d5f7c412efea7a08946a46894537e4e5d091732eb1d34d9a0", size = 3044771, upload-time = "2024-10-16T11:20:35.234Z" },
    { url = "https://files.pythonhosted.org/packages/8b/31/6d225b7b641a1a2148e3ed65e1aa74fc86ba3fee850545e27be9e1de893d/psycopg2_binary-2.9.10-cp312-cp312-macosx_14_0_arm64.whl", hash = "sha256:9440fa522a79356aaa482aa4ba500b65f28e5d0e63b801abf6aa152a29bd842a", size = 3275336, upload-time = "2024-10-16T11:20:38.742Z" },
    { url = "https://files.pythonhosted.org/packages/30/b7/a68c2b4bff1cbb1728e3ec864b2d92327c77ad52edcd27922535a8366f68/psycopg2_binary-2.9.10-cp312-cp312-manylinux_2_17_aarch64.manylinux2014_aarch64.whl", hash = "sha256:e3923c1d9870c49a2d44f795df0c889a22380d36ef92440ff618ec315757e539", size = 2851637, upload-time = "2024-10-16T11:20:42.145Z" },
    { url = "https://files.pythonhosted.org/packages/0b/b1/cfedc0e0e6f9ad61f8657fd173b2f831ce261c02a08c0b09c652b127d813/psycopg2_binary-2.9.10-cp312-cp312-manylinux_2_17_i686.manylinux2014_i686.whl", hash = "sha256:7b2c956c028ea5de47ff3a8d6b3cc3330ab45cf0b7c3da35a2d6ff8420896526", size = 3082097, upload-time = "2024-10-16T11:20:46.185Z" },
    { url = "https://files.pythonhosted.org/packages/18/ed/0a8e4153c9b769f59c02fb5e7914f20f0b2483a19dae7bf2db54b743d0d0/psycopg2_binary-2.9.10-cp312-cp312-manylinux_2_17_ppc64le.manylinux2014_ppc64le.whl", hash = "sha256:f758ed67cab30b9a8d2833609513ce4d3bd027641673d4ebc9c067e4d208eec1", size = 3264776, upload-time = "2024-10-16T11:20:50.879Z" },
    { url = "https://files.pythonhosted.org/packages/10/db/d09da68c6a0cdab41566b74e0a6068a425f077169bed0946559b7348ebe9/psycopg2_binary-2.9.10-cp312-cp312-manylinux_2_17_x86_64.manylinux2014_x86_64.whl", hash = "sha256:8cd9b4f2cfab88ed4a9106192de509464b75a906462fb846b936eabe45c2063e", size = 3020968, upload-time = "2024-10-16T11:20:56.819Z" },
    { url = "https://files.pythonhosted.org/packages/94/28/4d6f8c255f0dfffb410db2b3f9ac5218d959a66c715c34cac31081e19b95/psycopg2_binary-2.9.10-cp312-cp312-musllinux_1_2_aarch64.whl", hash = "sha256:6dc08420625b5a20b53551c50deae6e231e6371194fa0651dbe0fb206452ae1f", size = 2872334, upload-time = "2024-10-16T11:21:02.411Z" },
    { url = "https://files.pythonhosted.org/packages/05/f7/20d7bf796593c4fea95e12119d6cc384ff1f6141a24fbb7df5a668d29d29/psycopg2_binary-2.9.10-cp312-cp312-musllinux_1_2_i686.whl", hash = "sha256:d7cd730dfa7c36dbe8724426bf5612798734bff2d3c3857f36f2733f5bfc7c00", size = 2822722, upload-time = "2024-10-16T11:21:09.01Z" },
    { url = "https://files.pythonhosted.org/packages/4d/e4/0c407ae919ef626dbdb32835a03b6737013c3cc7240169843965cada2bdf/psycopg2_binary-2.9.10-cp312-cp312-musllinux_1_2_ppc64le.whl", hash = "sha256:155e69561d54d02b3c3209545fb08938e27889ff5a10c19de8d23eb5a41be8a5", size = 2920132, upload-time = "2024-10-16T11:21:16.339Z" },
    { url = "https://files.pythonhosted.org/packages/2d/70/aa69c9f69cf09a01da224909ff6ce8b68faeef476f00f7ec377e8f03be70/psycopg2_binary-2.9.10-cp312-cp312-musllinux_1_2_x86_64.whl", hash = "sha256:c3cc28a6fd5a4a26224007712e79b81dbaee2ffb90ff406256158ec4d7b52b47", size = 2959312, upload-time = "2024-10-16T11:21:25.584Z" },
    { url = "https://files.pythonhosted.org/packages/d3/bd/213e59854fafe87ba47814bf413ace0dcee33a89c8c8c814faca6bc7cf3c/psycopg2_binary-2.9.10-cp312-cp312-win32.whl", hash = "sha256:ec8a77f521a17506a24a5f626cb2aee7850f9b69a0afe704586f63a464f3cd64", size = 1025191, upload-time = "2024-10-16T11:21:29.912Z" },
    { url = "https://files.pythonhosted.org/packages/92/29/06261ea000e2dc1e22907dbbc483a1093665509ea586b29b8986a0e56733/psycopg2_binary-2.9.10-cp312-cp312-win_amd64.whl", hash = "sha256:18c5ee682b9c6dd3696dad6e54cc7ff3a1a9020df6a5c0f861ef8bfd338c3ca0", size = 1164031, upload-time = "2024-10-16T11:21:34.211Z" },
    { url = "https://files.pythonhosted.org/packages/3e/30/d41d3ba765609c0763505d565c4d12d8f3c79793f0d0f044ff5a28bf395b/psycopg2_binary-2.9.10-cp313-cp313-macosx_12_0_x86_64.whl", hash = "sha256:26540d4a9a4e2b096f1ff9cce51253d0504dca5a85872c7f7be23be5a53eb18d", size = 3044699, upload-time = "2024-10-16T11:21:42.841Z" },
    { url = "https://files.pythonhosted.org/packages/35/44/257ddadec7ef04536ba71af6bc6a75ec05c5343004a7ec93006bee66c0bc/psycopg2_binary-2.9.10-cp313-cp313-macosx_14_0_arm64.whl", hash = "sha256:e217ce4d37667df0bc1c397fdcd8de5e81018ef305aed9415c3b093faaeb10fb", size = 3275245, upload-time = "2024-10-16T11:21:51.989Z" },
    { url = "https://files.pythonhosted.org/packages/1b/11/48ea1cd11de67f9efd7262085588790a95d9dfcd9b8a687d46caf7305c1a/psycopg2_binary-2.9.10-cp313-cp313-manylinux_2_17_aarch64.manylinux2014_aarch64.whl", hash = "sha256:245159e7ab20a71d989da00f280ca57da7641fa2cdcf71749c193cea540a74f7", size = 2851631, upload-time = "2024-10-16T11:21:57.584Z" },
    { url = "https://files.pythonhosted.org/packages/62/e0/62ce5ee650e6c86719d621a761fe4bc846ab9eff8c1f12b1ed5741bf1c9b/psycopg2_binary-2.9.10-cp313-cp313-manylinux_2_17_i686.manylinux2014_i686.whl", hash = "sha256:3c4ded1a24b20021ebe677b7b08ad10bf09aac197d6943bfe6fec70ac4e4690d", size = 3082140, upload-time = "2024-10-16T11:22:02.005Z" },
    { url = "https://files.pythonhosted.org/packages/27/ce/63f946c098611f7be234c0dd7cb1ad68b0b5744d34f68062bb3c5aa510c8/psycopg2_binary-2.9.10-cp313-cp313-manylinux_2_17_ppc64le.manylinux2014_ppc64le.whl", hash = "sha256:3abb691ff9e57d4a93355f60d4f4c1dd2d68326c968e7db17ea96df3c023ef73", size = 3264762, upload-time = "2024-10-16T11:22:06.412Z" },
    { url = "https://files.pythonhosted.org/packages/43/25/c603cd81402e69edf7daa59b1602bd41eb9859e2824b8c0855d748366ac9/psycopg2_binary-2.9.10-cp313-cp313-manylinux_2_17_x86_64.manylinux2014_x86_64.whl", hash = "sha256:8608c078134f0b3cbd9f89b34bd60a943b23fd33cc5f065e8d5f840061bd0673", size = 3020967, upload-time = "2024-10-16T11:22:11.583Z" },
    { url = "https://files.pythonhosted.org/packages/5f/d6/8708d8c6fca531057fa170cdde8df870e8b6a9b136e82b361c65e42b841e/psycopg2_binary-2.9.10-cp313-cp313-musllinux_1_2_aarch64.whl", hash = "sha256:230eeae2d71594103cd5b93fd29d1ace6420d0b86f4778739cb1a5a32f607d1f", size = 2872326, upload-time = "2024-10-16T11:22:16.406Z" },
    { url = "https://files.pythonhosted.org/packages/ce/ac/5b1ea50fc08a9df82de7e1771537557f07c2632231bbab652c7e22597908/psycopg2_binary-2.9.10-cp313-cp313-musllinux_1_2_i686.whl", hash = "sha256:bb89f0a835bcfc1d42ccd5f41f04870c1b936d8507c6df12b7737febc40f0909", size = 2822712, upload-time = "2024-10-16T11:22:21.366Z" },
    { url = "https://files.pythonhosted.org/packages/c4/fc/504d4503b2abc4570fac3ca56eb8fed5e437bf9c9ef13f36b6621db8ef00/psycopg2_binary-2.9.10-cp313-cp313-musllinux_1_2_ppc64le.whl", hash = "sha256:f0c2d907a1e102526dd2986df638343388b94c33860ff3bbe1384130828714b1", size = 2920155, upload-time = "2024-10-16T11:22:25.684Z" },
    { url = "https://files.pythonhosted.org/packages/b2/d1/323581e9273ad2c0dbd1902f3fb50c441da86e894b6e25a73c3fda32c57e/psycopg2_binary-2.9.10-cp313-cp313-musllinux_1_2_x86_64.whl", hash = "sha256:f8157bed2f51db683f31306aa497311b560f2265998122abe1dce6428bd86567", size = 2959356, upload-time = "2024-10-16T11:22:30.562Z" },
    { url = "https://files.pythonhosted.org/packages/08/50/d13ea0a054189ae1bc21af1d85b6f8bb9bbc5572991055d70ad9006fe2d6/psycopg2_binary-2.9.10-cp313-cp313-win_amd64.whl", hash = "sha256:27422aa5f11fbcd9b18da48373eb67081243662f9b46e6fd07c3eb46e4535142", size = 2569224, upload-time = "2025-01-04T20:09:19.234Z" },
]

[[package]]
name = "python-decouple"
version = "3.8"
source = { registry = "https://pypi.org/simple" }
sdist = { url = "https://files.pythonhosted.org/packages/e1/97/373dcd5844ec0ea5893e13c39a2c67e7537987ad8de3842fe078db4582fa/python-decouple-3.8.tar.gz", hash = "sha256:ba6e2657d4f376ecc46f77a3a615e058d93ba5e465c01bbe57289bfb7cce680f", size = 9612, upload-time = "2023-03-01T19:38:38.143Z" }
wheels = [
    { url = "https://files.pythonhosted.org/packages/a2/d4/9193206c4563ec771faf2ccf54815ca7918529fe81f6adb22ee6d0e06622/python_decouple-3.8-py3-none-any.whl", hash = "sha256:d0d45340815b25f4de59c974b855bb38d03151d81b037d9e3f463b0c9f8cbd66", size = 9947, upload-time = "2023-03-01T19:38:36.015Z" },
]

[[package]]
name = "sniffio"
version = "1.3.1"
source = { registry = "https://pypi.org/simple" }
sdist = { url = "https://files.pythonhosted.org/packages/a2/87/a6771e1546d97e7e041b6ae58d80074f81b7d5121207425c964ddf5cfdbd/sniffio-1.3.1.tar.gz", hash = "sha256:f4324edc670a0f49750a81b895f35c3adb843cca46f0530f79fc1babb23789dc", size = 20372, upload-time = "2024-02-25T23:20:04.057Z" }
wheels = [
    { url = "https://files.pythonhosted.org/packages/e9/44/75a9c9421471a6c4805dbf2356f7c181a29c1879239abab1ea2cc8f38b40/sniffio-1.3.1-py3-none-any.whl", hash = "sha256:2f6da418d1f1e0fddd844478f41680e794e6051915791a034ff65e5f100525a2", size = 10235, upload-time = "2024-02-25T23:20:01.196Z" },
]

[[package]]
name = "sqlparse"
version = "0.5.3"
source = { registry = "https://pypi.org/simple" }
sdist = { url = "https://files.pythonhosted.org/packages/e5/40/edede8dd6977b0d3da179a342c198ed100dd2aba4be081861ee5911e4da4/sqlparse-0.5.3.tar.gz", hash = "sha256:09f67787f56a0b16ecdbde1bfc7f5d9c3371ca683cfeaa8e6ff60b4807ec9272", size = 84999, upload-time = "2024-12-10T12:05:30.728Z" }
wheels = [
    { url = "https://files.pythonhosted.org/packages/a9/5c/bfd6bd0bf979426d405cc6e71eceb8701b148b16c21d2dc3c261efc61c7b/sqlparse-0.5.3-py3-none-any.whl", hash = "sha256:cf2196ed3418f3ba5de6af7e82c694a9fbdbfecccdfc72e281548517081f16ca", size = 44415, upload-time = "2024-12-10T12:05:27.824Z" },
]

[[package]]
name = "toposort"
version = "1.10"
source = { registry = "https://pypi.org/simple" }
sdist = { url = "https://files.pythonhosted.org/packages/69/19/8e955d90985ecbd3b9adb2a759753a6840da2dff3c569d412b2c9217678b/toposort-1.10.tar.gz", hash = "sha256:bfbb479c53d0a696ea7402601f4e693c97b0367837c8898bc6471adfca37a6bd", size = 11132, upload-time = "2023-02-27T13:59:51.834Z" }
wheels = [
    { url = "https://files.pythonhosted.org/packages/f6/17/57b444fd314d5e1593350b9a31d000e7411ba8e17ce12dc7ad54ca76b810/toposort-1.10-py3-none-any.whl", hash = "sha256:cbdbc0d0bee4d2695ab2ceec97fe0679e9c10eab4b2a87a9372b929e70563a87", size = 8500, upload-time = "2023-02-25T20:07:06.538Z" },
]

[[package]]
name = "tornado"
version = "6.5.1"
source = { registry = "https://pypi.org/simple" }
sdist = { url = "https://files.pythonhosted.org/packages/51/89/c72771c81d25d53fe33e3dca61c233b665b2780f21820ba6fd2c6793c12b/tornado-6.5.1.tar.gz", hash = "sha256:84ceece391e8eb9b2b95578db65e920d2a61070260594819589609ba9bc6308c", size = 509934, upload-time = "2025-05-22T18:15:38.788Z" }
wheels = [
    { url = "https://files.pythonhosted.org/packages/77/89/f4532dee6843c9e0ebc4e28d4be04c67f54f60813e4bf73d595fe7567452/tornado-6.5.1-cp39-abi3-macosx_10_9_universal2.whl", hash = "sha256:d50065ba7fd11d3bd41bcad0825227cc9a95154bad83239357094c36708001f7", size = 441948, upload-time = "2025-05-22T18:15:20.862Z" },
    { url = "https://files.pythonhosted.org/packages/15/9a/557406b62cffa395d18772e0cdcf03bed2fff03b374677348eef9f6a3792/tornado-6.5.1-cp39-abi3-macosx_10_9_x86_64.whl", hash = "sha256:9e9ca370f717997cb85606d074b0e5b247282cf5e2e1611568b8821afe0342d6", size = 440112, upload-time = "2025-05-22T18:15:22.591Z" },
    { url = "https://files.pythonhosted.org/packages/55/82/7721b7319013a3cf881f4dffa4f60ceff07b31b394e459984e7a36dc99ec/tornado-6.5.1-cp39-abi3-manylinux_2_17_aarch64.manylinux2014_aarch64.whl", hash = "sha256:b77e9dfa7ed69754a54c89d82ef746398be82f749df69c4d3abe75c4d1ff4888", size = 443672, upload-time = "2025-05-22T18:15:24.027Z" },
    { url = "https://files.pythonhosted.org/packages/7d/42/d11c4376e7d101171b94e03cef0cbce43e823ed6567ceda571f54cf6e3ce/tornado-6.5.1-cp39-abi3-manylinux_2_5_i686.manylinux1_i686.manylinux_2_17_i686.manylinux2014_i686.whl", hash = "sha256:253b76040ee3bab8bcf7ba9feb136436a3787208717a1fb9f2c16b744fba7331", size = 443019, upload-time = "2025-05-22T18:15:25.735Z" },
    { url = "https://files.pythonhosted.org/packages/7d/f7/0c48ba992d875521ac761e6e04b0a1750f8150ae42ea26df1852d6a98942/tornado-6.5.1-cp39-abi3-manylinux_2_5_x86_64.manylinux1_x86_64.manylinux_2_17_x86_64.manylinux2014_x86_64.whl", hash = "sha256:308473f4cc5a76227157cdf904de33ac268af770b2c5f05ca6c1161d82fdd95e", size = 443252, upload-time = "2025-05-22T18:15:27.499Z" },
    { url = "https://files.pythonhosted.org/packages/89/46/d8d7413d11987e316df4ad42e16023cd62666a3c0dfa1518ffa30b8df06c/tornado-6.5.1-cp39-abi3-musllinux_1_2_aarch64.whl", hash = "sha256:caec6314ce8a81cf69bd89909f4b633b9f523834dc1a352021775d45e51d9401", size = 443930, upload-time = "2025-05-22T18:15:29.299Z" },
    { url = "https://files.pythonhosted.org/packages/78/b2/f8049221c96a06df89bed68260e8ca94beca5ea532ffc63b1175ad31f9cc/tornado-6.5.1-cp39-abi3-musllinux_1_2_i686.whl", hash = "sha256:13ce6e3396c24e2808774741331638ee6c2f50b114b97a55c5b442df65fd9692", size = 443351, upload-time = "2025-05-22T18:15:31.038Z" },
    { url = "https://files.pythonhosted.org/packages/76/ff/6a0079e65b326cc222a54720a748e04a4db246870c4da54ece4577bfa702/tornado-6.5.1-cp39-abi3-musllinux_1_2_x86_64.whl", hash = "sha256:5cae6145f4cdf5ab24744526cc0f55a17d76f02c98f4cff9daa08ae9a217448a", size = 443328, upload-time = "2025-05-22T18:15:32.426Z" },
    { url = "https://files.pythonhosted.org/packages/49/18/e3f902a1d21f14035b5bc6246a8c0f51e0eef562ace3a2cea403c1fb7021/tornado-6.5.1-cp39-abi3-win32.whl", hash = "sha256:e0a36e1bc684dca10b1aa75a31df8bdfed656831489bc1e6a6ebed05dc1ec365", size = 444396, upload-time = "2025-05-22T18:15:34.205Z" },
    { url = "https://files.pythonhosted.org/packages/7b/09/6526e32bf1049ee7de3bebba81572673b19a2a8541f795d887e92af1a8bc/tornado-6.5.1-cp39-abi3-win_amd64.whl", hash = "sha256:908e7d64567cecd4c2b458075589a775063453aeb1d2a1853eedb806922f568b", size = 444840, upload-time = "2025-05-22T18:15:36.1Z" },
    { url = "https://files.pythonhosted.org/packages/55/a7/535c44c7bea4578e48281d83c615219f3ab19e6abc67625ef637c73987be/tornado-6.5.1-cp39-abi3-win_arm64.whl", hash = "sha256:02420a0eb7bf617257b9935e2b754d1b63897525d8a289c9d65690d580b4dcf7", size = 443596, upload-time = "2025-05-22T18:15:37.433Z" },
]

[[package]]
name = "typing-extensions"
version = "4.14.1"
source = { registry = "https://pypi.org/simple" }
sdist = { url = "https://files.pythonhosted.org/packages/98/5a/da40306b885cc8c09109dc2e1abd358d5684b1425678151cdaed4731c822/typing_extensions-4.14.1.tar.gz", hash = "sha256:38b39f4aeeab64884ce9f74c94263ef78f3c22467c8724005483154c26648d36", size = 107673, upload-time = "2025-07-04T13:28:34.16Z" }
wheels = [
    { url = "https://files.pythonhosted.org/packages/b5/00/d631e67a838026495268c2f6884f3711a15a9a2a96cd244fdaea53b823fb/typing_extensions-4.14.1-py3-none-any.whl", hash = "sha256:d1e1e3b58374dc93031d6eda2420a48ea44a36c2b4766a4fdeb3710755731d76", size = 43906, upload-time = "2025-07-04T13:28:32.743Z" },
]

[[package]]
name = "tzdata"
version = "2025.2"
source = { registry = "https://pypi.org/simple" }
sdist = { url = "https://files.pythonhosted.org/packages/95/32/1a225d6164441be760d75c2c42e2780dc0873fe382da3e98a2e1e48361e5/tzdata-2025.2.tar.gz", hash = "sha256:b60a638fcc0daffadf82fe0f57e53d06bdec2f36c4df66280ae79bce6bd6f2b9", size = 196380, upload-time = "2025-03-23T13:54:43.652Z" }
wheels = [
    { url = "https://files.pythonhosted.org/packages/5c/23/c7abc0ca0a1526a0774eca151daeb8de62ec457e77262b66b359c3c7679e/tzdata-2025.2-py2.py3-none-any.whl", hash = "sha256:1a403fada01ff9221ca8044d701868fa132215d84beb92242d9acd2147f667a8", size = 347839, upload-time = "2025-03-23T13:54:41.845Z" },
]

[[package]]
name = "watchfiles"
version = "1.1.0"
source = { registry = "https://pypi.org/simple" }
dependencies = [
    { name = "anyio" },
]
sdist = { url = "https://files.pythonhosted.org/packages/2a/9a/d451fcc97d029f5812e898fd30a53fd8c15c7bbd058fd75cfc6beb9bd761/watchfiles-1.1.0.tar.gz", hash = "sha256:693ed7ec72cbfcee399e92c895362b6e66d63dac6b91e2c11ae03d10d503e575", size = 94406, upload-time = "2025-06-15T19:06:59.42Z" }
wheels = [
    { url = "https://files.pythonhosted.org/packages/f6/b8/858957045a38a4079203a33aaa7d23ea9269ca7761c8a074af3524fbb240/watchfiles-1.1.0-cp312-cp312-macosx_10_12_x86_64.whl", hash = "sha256:9dc001c3e10de4725c749d4c2f2bdc6ae24de5a88a339c4bce32300a31ede179", size = 402339, upload-time = "2025-06-15T19:05:24.516Z" },
    { url = "https://files.pythonhosted.org/packages/80/28/98b222cca751ba68e88521fabd79a4fab64005fc5976ea49b53fa205d1fa/watchfiles-1.1.0-cp312-cp312-macosx_11_0_arm64.whl", hash = "sha256:d9ba68ec283153dead62cbe81872d28e053745f12335d037de9cbd14bd1877f5", size = 394409, upload-time = "2025-06-15T19:05:25.469Z" },
    { url = "https://files.pythonhosted.org/packages/86/50/dee79968566c03190677c26f7f47960aff738d32087087bdf63a5473e7df/watchfiles-1.1.0-cp312-cp312-manylinux_2_17_aarch64.manylinux2014_aarch64.whl", hash = "sha256:130fc497b8ee68dce163e4254d9b0356411d1490e868bd8790028bc46c5cc297", size = 450939, upload-time = "2025-06-15T19:05:26.494Z" },
    { url = "https://files.pythonhosted.org/packages/40/45/a7b56fb129700f3cfe2594a01aa38d033b92a33dddce86c8dfdfc1247b72/watchfiles-1.1.0-cp312-cp312-manylinux_2_17_armv7l.manylinux2014_armv7l.whl", hash = "sha256:50a51a90610d0845a5931a780d8e51d7bd7f309ebc25132ba975aca016b576a0", size = 457270, upload-time = "2025-06-15T19:05:27.466Z" },
    { url = "https://files.pythonhosted.org/packages/b5/c8/fa5ef9476b1d02dc6b5e258f515fcaaecf559037edf8b6feffcbc097c4b8/watchfiles-1.1.0-cp312-cp312-manylinux_2_17_i686.manylinux2014_i686.whl", hash = "sha256:dc44678a72ac0910bac46fa6a0de6af9ba1355669b3dfaf1ce5f05ca7a74364e", size = 483370, upload-time = "2025-06-15T19:05:28.548Z" },
    { url = "https://files.pythonhosted.org/packages/98/68/42cfcdd6533ec94f0a7aab83f759ec11280f70b11bfba0b0f885e298f9bd/watchfiles-1.1.0-cp312-cp312-manylinux_2_17_ppc64le.manylinux2014_ppc64le.whl", hash = "sha256:a543492513a93b001975ae283a51f4b67973662a375a403ae82f420d2c7205ee", size = 598654, upload-time = "2025-06-15T19:05:29.997Z" },
    { url = "https://files.pythonhosted.org/packages/d3/74/b2a1544224118cc28df7e59008a929e711f9c68ce7d554e171b2dc531352/watchfiles-1.1.0-cp312-cp312-manylinux_2_17_s390x.manylinux2014_s390x.whl", hash = "sha256:8ac164e20d17cc285f2b94dc31c384bc3aa3dd5e7490473b3db043dd70fbccfd", size = 478667, upload-time = "2025-06-15T19:05:31.172Z" },
    { url = "https://files.pythonhosted.org/packages/8c/77/e3362fe308358dc9f8588102481e599c83e1b91c2ae843780a7ded939a35/watchfiles-1.1.0-cp312-cp312-manylinux_2_17_x86_64.manylinux2014_x86_64.whl", hash = "sha256:f7590d5a455321e53857892ab8879dce62d1f4b04748769f5adf2e707afb9d4f", size = 452213, upload-time = "2025-06-15T19:05:32.299Z" },
    { url = "https://files.pythonhosted.org/packages/6e/17/c8f1a36540c9a1558d4faf08e909399e8133599fa359bf52ec8fcee5be6f/watchfiles-1.1.0-cp312-cp312-musllinux_1_1_aarch64.whl", hash = "sha256:37d3d3f7defb13f62ece99e9be912afe9dd8a0077b7c45ee5a57c74811d581a4", size = 626718, upload-time = "2025-06-15T19:05:33.415Z" },
    { url = "https://files.pythonhosted.org/packages/26/45/fb599be38b4bd38032643783d7496a26a6f9ae05dea1a42e58229a20ac13/watchfiles-1.1.0-cp312-cp312-musllinux_1_1_x86_64.whl", hash = "sha256:7080c4bb3efd70a07b1cc2df99a7aa51d98685be56be6038c3169199d0a1c69f", size = 623098, upload-time = "2025-06-15T19:05:34.534Z" },
    { url = "https://files.pythonhosted.org/packages/a1/e7/fdf40e038475498e160cd167333c946e45d8563ae4dd65caf757e9ffe6b4/watchfiles-1.1.0-cp312-cp312-win32.whl", hash = "sha256:cbcf8630ef4afb05dc30107bfa17f16c0896bb30ee48fc24bf64c1f970f3b1fd", size = 279209, upload-time = "2025-06-15T19:05:35.577Z" },
    { url = "https://files.pythonhosted.org/packages/3f/d3/3ae9d5124ec75143bdf088d436cba39812122edc47709cd2caafeac3266f/watchfiles-1.1.0-cp312-cp312-win_amd64.whl", hash = "sha256:cbd949bdd87567b0ad183d7676feb98136cde5bb9025403794a4c0db28ed3a47", size = 292786, upload-time = "2025-06-15T19:05:36.559Z" },
    { url = "https://files.pythonhosted.org/packages/26/2f/7dd4fc8b5f2b34b545e19629b4a018bfb1de23b3a496766a2c1165ca890d/watchfiles-1.1.0-cp312-cp312-win_arm64.whl", hash = "sha256:0a7d40b77f07be87c6faa93d0951a0fcd8cbca1ddff60a1b65d741bac6f3a9f6", size = 284343, upload-time = "2025-06-15T19:05:37.5Z" },
    { url = "https://files.pythonhosted.org/packages/d3/42/fae874df96595556a9089ade83be34a2e04f0f11eb53a8dbf8a8a5e562b4/watchfiles-1.1.0-cp313-cp313-macosx_10_12_x86_64.whl", hash = "sha256:5007f860c7f1f8df471e4e04aaa8c43673429047d63205d1630880f7637bca30", size = 402004, upload-time = "2025-06-15T19:05:38.499Z" },
    { url = "https://files.pythonhosted.org/packages/fa/55/a77e533e59c3003d9803c09c44c3651224067cbe7fb5d574ddbaa31e11ca/watchfiles-1.1.0-cp313-cp313-macosx_11_0_arm64.whl", hash = "sha256:20ecc8abbd957046f1fe9562757903f5eaf57c3bce70929fda6c7711bb58074a", size = 393671, upload-time = "2025-06-15T19:05:39.52Z" },
    { url = "https://files.pythonhosted.org/packages/05/68/b0afb3f79c8e832e6571022611adbdc36e35a44e14f129ba09709aa4bb7a/watchfiles-1.1.0-cp313-cp313-manylinux_2_17_aarch64.manylinux2014_aarch64.whl", hash = "sha256:f2f0498b7d2a3c072766dba3274fe22a183dbea1f99d188f1c6c72209a1063dc", size = 449772, upload-time = "2025-06-15T19:05:40.897Z" },
    { url = "https://files.pythonhosted.org/packages/ff/05/46dd1f6879bc40e1e74c6c39a1b9ab9e790bf1f5a2fe6c08b463d9a807f4/watchfiles-1.1.0-cp313-cp313-manylinux_2_17_armv7l.manylinux2014_armv7l.whl", hash = "sha256:239736577e848678e13b201bba14e89718f5c2133dfd6b1f7846fa1b58a8532b", size = 456789, upload-time = "2025-06-15T19:05:42.045Z" },
    { url = "https://files.pythonhosted.org/packages/8b/ca/0eeb2c06227ca7f12e50a47a3679df0cd1ba487ea19cf844a905920f8e95/watchfiles-1.1.0-cp313-cp313-manylinux_2_17_i686.manylinux2014_i686.whl", hash = "sha256:eff4b8d89f444f7e49136dc695599a591ff769300734446c0a86cba2eb2f9895", size = 482551, upload-time = "2025-06-15T19:05:43.781Z" },
    { url = "https://files.pythonhosted.org/packages/31/47/2cecbd8694095647406645f822781008cc524320466ea393f55fe70eed3b/watchfiles-1.1.0-cp313-cp313-manylinux_2_17_ppc64le.manylinux2014_ppc64le.whl", hash = "sha256:12b0a02a91762c08f7264e2e79542f76870c3040bbc847fb67410ab81474932a", size = 597420, upload-time = "2025-06-15T19:05:45.244Z" },
    { url = "https://files.pythonhosted.org/packages/d9/7e/82abc4240e0806846548559d70f0b1a6dfdca75c1b4f9fa62b504ae9b083/watchfiles-1.1.0-cp313-cp313-manylinux_2_17_s390x.manylinux2014_s390x.whl", hash = "sha256:29e7bc2eee15cbb339c68445959108803dc14ee0c7b4eea556400131a8de462b", size = 477950, upload-time = "2025-06-15T19:05:46.332Z" },
    { url = "https://files.pythonhosted.org/packages/25/0d/4d564798a49bf5482a4fa9416dea6b6c0733a3b5700cb8a5a503c4b15853/watchfiles-1.1.0-cp313-cp313-manylinux_2_17_x86_64.manylinux2014_x86_64.whl", hash = "sha256:d9481174d3ed982e269c090f780122fb59cee6c3796f74efe74e70f7780ed94c", size = 451706, upload-time = "2025-06-15T19:05:47.459Z" },
    { url = "https://files.pythonhosted.org/packages/81/b5/5516cf46b033192d544102ea07c65b6f770f10ed1d0a6d388f5d3874f6e4/watchfiles-1.1.0-cp313-cp313-musllinux_1_1_aarch64.whl", hash = "sha256:80f811146831c8c86ab17b640801c25dc0a88c630e855e2bef3568f30434d52b", size = 625814, upload-time = "2025-06-15T19:05:48.654Z" },
    { url = "https://files.pythonhosted.org/packages/0c/dd/7c1331f902f30669ac3e754680b6edb9a0dd06dea5438e61128111fadd2c/watchfiles-1.1.0-cp313-cp313-musllinux_1_1_x86_64.whl", hash = "sha256:60022527e71d1d1fda67a33150ee42869042bce3d0fcc9cc49be009a9cded3fb", size = 622820, upload-time = "2025-06-15T19:05:50.088Z" },
    { url = "https://files.pythonhosted.org/packages/1b/14/36d7a8e27cd128d7b1009e7715a7c02f6c131be9d4ce1e5c3b73d0e342d8/watchfiles-1.1.0-cp313-cp313-win32.whl", hash = "sha256:32d6d4e583593cb8576e129879ea0991660b935177c0f93c6681359b3654bfa9", size = 279194, upload-time = "2025-06-15T19:05:51.186Z" },
    { url = "https://files.pythonhosted.org/packages/25/41/2dd88054b849aa546dbeef5696019c58f8e0774f4d1c42123273304cdb2e/watchfiles-1.1.0-cp313-cp313-win_amd64.whl", hash = "sha256:f21af781a4a6fbad54f03c598ab620e3a77032c5878f3d780448421a6e1818c7", size = 292349, upload-time = "2025-06-15T19:05:52.201Z" },
    { url = "https://files.pythonhosted.org/packages/c8/cf/421d659de88285eb13941cf11a81f875c176f76a6d99342599be88e08d03/watchfiles-1.1.0-cp313-cp313-win_arm64.whl", hash = "sha256:5366164391873ed76bfdf618818c82084c9db7fac82b64a20c44d335eec9ced5", size = 283836, upload-time = "2025-06-15T19:05:53.265Z" },
    { url = "https://files.pythonhosted.org/packages/45/10/6faf6858d527e3599cc50ec9fcae73590fbddc1420bd4fdccfebffeedbc6/watchfiles-1.1.0-cp313-cp313t-macosx_10_12_x86_64.whl", hash = "sha256:17ab167cca6339c2b830b744eaf10803d2a5b6683be4d79d8475d88b4a8a4be1", size = 400343, upload-time = "2025-06-15T19:05:54.252Z" },
    { url = "https://files.pythonhosted.org/packages/03/20/5cb7d3966f5e8c718006d0e97dfe379a82f16fecd3caa7810f634412047a/watchfiles-1.1.0-cp313-cp313t-macosx_11_0_arm64.whl", hash = "sha256:328dbc9bff7205c215a7807da7c18dce37da7da718e798356212d22696404339", size = 392916, upload-time = "2025-06-15T19:05:55.264Z" },
    { url = "https://files.pythonhosted.org/packages/8c/07/d8f1176328fa9e9581b6f120b017e286d2a2d22ae3f554efd9515c8e1b49/watchfiles-1.1.0-cp313-cp313t-manylinux_2_17_aarch64.manylinux2014_aarch64.whl", hash = "sha256:f7208ab6e009c627b7557ce55c465c98967e8caa8b11833531fdf95799372633", size = 449582, upload-time = "2025-06-15T19:05:56.317Z" },
    { url = "https://files.pythonhosted.org/packages/66/e8/80a14a453cf6038e81d072a86c05276692a1826471fef91df7537dba8b46/watchfiles-1.1.0-cp313-cp313t-manylinux_2_17_armv7l.manylinux2014_armv7l.whl", hash = "sha256:a8f6f72974a19efead54195bc9bed4d850fc047bb7aa971268fd9a8387c89011", size = 456752, upload-time = "2025-06-15T19:05:57.359Z" },
    { url = "https://files.pythonhosted.org/packages/5a/25/0853b3fe0e3c2f5af9ea60eb2e781eade939760239a72c2d38fc4cc335f6/watchfiles-1.1.0-cp313-cp313t-manylinux_2_17_i686.manylinux2014_i686.whl", hash = "sha256:d181ef50923c29cf0450c3cd47e2f0557b62218c50b2ab8ce2ecaa02bd97e670", size = 481436, upload-time = "2025-06-15T19:05:58.447Z" },
    { url = "https://files.pythonhosted.org/packages/fe/9e/4af0056c258b861fbb29dcb36258de1e2b857be4a9509e6298abcf31e5c9/watchfiles-1.1.0-cp313-cp313t-manylinux_2_17_ppc64le.manylinux2014_ppc64le.whl", hash = "sha256:adb4167043d3a78280d5d05ce0ba22055c266cf8655ce942f2fb881262ff3cdf", size = 596016, upload-time = "2025-06-15T19:05:59.59Z" },
    { url = "https://files.pythonhosted.org/packages/c5/fa/95d604b58aa375e781daf350897aaaa089cff59d84147e9ccff2447c8294/watchfiles-1.1.0-cp313-cp313t-manylinux_2_17_s390x.manylinux2014_s390x.whl", hash = "sha256:8c5701dc474b041e2934a26d31d39f90fac8a3dee2322b39f7729867f932b1d4", size = 476727, upload-time = "2025-06-15T19:06:01.086Z" },
    { url = "https://files.pythonhosted.org/packages/65/95/fe479b2664f19be4cf5ceeb21be05afd491d95f142e72d26a42f41b7c4f8/watchfiles-1.1.0-cp313-cp313t-manylinux_2_17_x86_64.manylinux2014_x86_64.whl", hash = "sha256:b067915e3c3936966a8607f6fe5487df0c9c4afb85226613b520890049deea20", size = 451864, upload-time = "2025-06-15T19:06:02.144Z" },
    { url = "https://files.pythonhosted.org/packages/d3/8a/3c4af14b93a15ce55901cd7a92e1a4701910f1768c78fb30f61d2b79785b/watchfiles-1.1.0-cp313-cp313t-musllinux_1_1_aarch64.whl", hash = "sha256:9c733cda03b6d636b4219625a4acb5c6ffb10803338e437fb614fef9516825ef", size = 625626, upload-time = "2025-06-15T19:06:03.578Z" },
    { url = "https://files.pythonhosted.org/packages/da/f5/cf6aa047d4d9e128f4b7cde615236a915673775ef171ff85971d698f3c2c/watchfiles-1.1.0-cp313-cp313t-musllinux_1_1_x86_64.whl", hash = "sha256:cc08ef8b90d78bfac66f0def80240b0197008e4852c9f285907377b2947ffdcb", size = 622744, upload-time = "2025-06-15T19:06:05.066Z" },
    { url = "https://files.pythonhosted.org/packages/2c/00/70f75c47f05dea6fd30df90f047765f6fc2d6eb8b5a3921379b0b04defa2/watchfiles-1.1.0-cp314-cp314-macosx_10_12_x86_64.whl", hash = "sha256:9974d2f7dc561cce3bb88dfa8eb309dab64c729de85fba32e98d75cf24b66297", size = 402114, upload-time = "2025-06-15T19:06:06.186Z" },
    { url = "https://files.pythonhosted.org/packages/53/03/acd69c48db4a1ed1de26b349d94077cca2238ff98fd64393f3e97484cae6/watchfiles-1.1.0-cp314-cp314-macosx_11_0_arm64.whl", hash = "sha256:c68e9f1fcb4d43798ad8814c4c1b61547b014b667216cb754e606bfade587018", size = 393879, upload-time = "2025-06-15T19:06:07.369Z" },
    { url = "https://files.pythonhosted.org/packages/2f/c8/a9a2a6f9c8baa4eceae5887fecd421e1b7ce86802bcfc8b6a942e2add834/watchfiles-1.1.0-cp314-cp314-manylinux_2_17_aarch64.manylinux2014_aarch64.whl", hash = "sha256:95ab1594377effac17110e1352989bdd7bdfca9ff0e5eeccd8c69c5389b826d0", size = 450026, upload-time = "2025-06-15T19:06:08.476Z" },
    { url = "https://files.pythonhosted.org/packages/fe/51/d572260d98388e6e2b967425c985e07d47ee6f62e6455cefb46a6e06eda5/watchfiles-1.1.0-cp314-cp314-manylinux_2_17_armv7l.manylinux2014_armv7l.whl", hash = "sha256:fba9b62da882c1be1280a7584ec4515d0a6006a94d6e5819730ec2eab60ffe12", size = 457917, upload-time = "2025-06-15T19:06:09.988Z" },
    { url = "https://files.pythonhosted.org/packages/c6/2d/4258e52917bf9f12909b6ec314ff9636276f3542f9d3807d143f27309104/watchfiles-1.1.0-cp314-cp314-manylinux_2_17_i686.manylinux2014_i686.whl", hash = "sha256:3434e401f3ce0ed6b42569128b3d1e3af773d7ec18751b918b89cd49c14eaafb", size = 483602, upload-time = "2025-06-15T19:06:11.088Z" },
    { url = "https://files.pythonhosted.org/packages/84/99/bee17a5f341a4345fe7b7972a475809af9e528deba056f8963d61ea49f75/watchfiles-1.1.0-cp314-cp314-manylinux_2_17_ppc64le.manylinux2014_ppc64le.whl", hash = "sha256:fa257a4d0d21fcbca5b5fcba9dca5a78011cb93c0323fb8855c6d2dfbc76eb77", size = 596758, upload-time = "2025-06-15T19:06:12.197Z" },
    { url = "https://files.pythonhosted.org/packages/40/76/e4bec1d59b25b89d2b0716b41b461ed655a9a53c60dc78ad5771fda5b3e6/watchfiles-1.1.0-cp314-cp314-manylinux_2_17_s390x.manylinux2014_s390x.whl", hash = "sha256:7fd1b3879a578a8ec2076c7961076df540b9af317123f84569f5a9ddee64ce92", size = 477601, upload-time = "2025-06-15T19:06:13.391Z" },
    { url = "https://files.pythonhosted.org/packages/1f/fa/a514292956f4a9ce3c567ec0c13cce427c158e9f272062685a8a727d08fc/watchfiles-1.1.0-cp314-cp314-manylinux_2_17_x86_64.manylinux2014_x86_64.whl", hash = "sha256:62cc7a30eeb0e20ecc5f4bd113cd69dcdb745a07c68c0370cea919f373f65d9e", size = 451936, upload-time = "2025-06-15T19:06:14.656Z" },
    { url = "https://files.pythonhosted.org/packages/32/5d/c3bf927ec3bbeb4566984eba8dd7a8eb69569400f5509904545576741f88/watchfiles-1.1.0-cp314-cp314-musllinux_1_1_aarch64.whl", hash = "sha256:891c69e027748b4a73847335d208e374ce54ca3c335907d381fde4e41661b13b", size = 626243, upload-time = "2025-06-15T19:06:16.232Z" },
    { url = "https://files.pythonhosted.org/packages/e6/65/6e12c042f1a68c556802a84d54bb06d35577c81e29fba14019562479159c/watchfiles-1.1.0-cp314-cp314-musllinux_1_1_x86_64.whl", hash = "sha256:12fe8eaffaf0faa7906895b4f8bb88264035b3f0243275e0bf24af0436b27259", size = 623073, upload-time = "2025-06-15T19:06:17.457Z" },
    { url = "https://files.pythonhosted.org/packages/89/ab/7f79d9bf57329e7cbb0a6fd4c7bd7d0cee1e4a8ef0041459f5409da3506c/watchfiles-1.1.0-cp314-cp314t-macosx_10_12_x86_64.whl", hash = "sha256:bfe3c517c283e484843cb2e357dd57ba009cff351edf45fb455b5fbd1f45b15f", size = 400872, upload-time = "2025-06-15T19:06:18.57Z" },
    { url = "https://files.pythonhosted.org/packages/df/d5/3f7bf9912798e9e6c516094db6b8932df53b223660c781ee37607030b6d3/watchfiles-1.1.0-cp314-cp314t-macosx_11_0_arm64.whl", hash = "sha256:a9ccbf1f129480ed3044f540c0fdbc4ee556f7175e5ab40fe077ff6baf286d4e", size = 392877, upload-time = "2025-06-15T19:06:19.55Z" },
    { url = "https://files.pythonhosted.org/packages/0d/c5/54ec7601a2798604e01c75294770dbee8150e81c6e471445d7601610b495/watchfiles-1.1.0-cp314-cp314t-manylinux_2_17_aarch64.manylinux2014_aarch64.whl", hash = "sha256:ba0e3255b0396cac3cc7bbace76404dd72b5438bf0d8e7cefa2f79a7f3649caa", size = 449645, upload-time = "2025-06-15T19:06:20.66Z" },
    { url = "https://files.pythonhosted.org/packages/0a/04/c2f44afc3b2fce21ca0b7802cbd37ed90a29874f96069ed30a36dfe57c2b/watchfiles-1.1.0-cp314-cp314t-manylinux_2_17_armv7l.manylinux2014_armv7l.whl", hash = "sha256:4281cd9fce9fc0a9dbf0fc1217f39bf9cf2b4d315d9626ef1d4e87b84699e7e8", size = 457424, upload-time = "2025-06-15T19:06:21.712Z" },
    { url = "https://files.pythonhosted.org/packages/9f/b0/eec32cb6c14d248095261a04f290636da3df3119d4040ef91a4a50b29fa5/watchfiles-1.1.0-cp314-cp314t-manylinux_2_17_i686.manylinux2014_i686.whl", hash = "sha256:6d2404af8db1329f9a3c9b79ff63e0ae7131986446901582067d9304ae8aaf7f", size = 481584, upload-time = "2025-06-15T19:06:22.777Z" },
    { url = "https://files.pythonhosted.org/packages/d1/e2/ca4bb71c68a937d7145aa25709e4f5d68eb7698a25ce266e84b55d591bbd/watchfiles-1.1.0-cp314-cp314t-manylinux_2_17_ppc64le.manylinux2014_ppc64le.whl", hash = "sha256:e78b6ed8165996013165eeabd875c5dfc19d41b54f94b40e9fff0eb3193e5e8e", size = 596675, upload-time = "2025-06-15T19:06:24.226Z" },
    { url = "https://files.pythonhosted.org/packages/a1/dd/b0e4b7fb5acf783816bc950180a6cd7c6c1d2cf7e9372c0ea634e722712b/watchfiles-1.1.0-cp314-cp314t-manylinux_2_17_s390x.manylinux2014_s390x.whl", hash = "sha256:249590eb75ccc117f488e2fabd1bfa33c580e24b96f00658ad88e38844a040bb", size = 477363, upload-time = "2025-06-15T19:06:25.42Z" },
    { url = "https://files.pythonhosted.org/packages/69/c4/088825b75489cb5b6a761a4542645718893d395d8c530b38734f19da44d2/watchfiles-1.1.0-cp314-cp314t-manylinux_2_17_x86_64.manylinux2014_x86_64.whl", hash = "sha256:d05686b5487cfa2e2c28ff1aa370ea3e6c5accfe6435944ddea1e10d93872147", size = 452240, upload-time = "2025-06-15T19:06:26.552Z" },
    { url = "https://files.pythonhosted.org/packages/10/8c/22b074814970eeef43b7c44df98c3e9667c1f7bf5b83e0ff0201b0bd43f9/watchfiles-1.1.0-cp314-cp314t-musllinux_1_1_aarch64.whl", hash = "sha256:d0e10e6f8f6dc5762adee7dece33b722282e1f59aa6a55da5d493a97282fedd8", size = 625607, upload-time = "2025-06-15T19:06:27.606Z" },
    { url = "https://files.pythonhosted.org/packages/32/fa/a4f5c2046385492b2273213ef815bf71a0d4c1943b784fb904e184e30201/watchfiles-1.1.0-cp314-cp314t-musllinux_1_1_x86_64.whl", hash = "sha256:af06c863f152005c7592df1d6a7009c836a247c9d8adb78fef8575a5a98699db", size = 623315, upload-time = "2025-06-15T19:06:29.076Z" },
]
